github.com/mdfriday/theme-long-teng v0.0.0-20241121003821-ac97e1a41786 h1:bzkLzZwjkb4cgX6kF7VNUsuN3Vpet/+KKR4pVE1t9m4=
github.com/mdfriday/theme-long-teng v0.0.0-20241121003821-ac97e1a41786/go.mod h1:/hHFPw/xA8f7T+DOnJ8N5cw4sqoMaCM9CPQmeuashT8=
github.com/mdfriday/theme-xiang-yun v0.0.0-20241120122652-9af5c8c172e3 h1:RhPbAL/nMEMAbg/42vow/XVi+hc6y9Wg8C6Csi1WRBk=
github.com/mdfriday/theme-xiang-yun v0.0.0-20241120122652-9af5c8c172e3/go.mod h1:Q1wfSXutvyo0rh3vGRl6s/uVx5kkdDdrjvyoJZxH4rg=
github.com/mdfriday/theme-xiang-yun v0.0.0-20241121120704-1151f11e270b h1:+EOSbKfGVOUgXV0N8UBLWr0NgfWqt/2RI0WN7B8G/pU=
github.com/mdfriday/theme-xiang-yun v0.0.0-20241121120704-1151f11e270b/go.mod h1:Q1wfSXutvyo0rh3vGRl6s/uVx5kkdDdrjvyoJZxH4rg=
